
Microsoft Visual Studio Solution File, Format Version 12.00
# Visual Studio 15
VisualStudioVersion = 15.0.28010.2048
MinimumVisualStudioVersion = 10.0.40219.1
Project("{9A19103F-16F7-4668-BE54-9A1E7A4F7556}") = "sampleSignalR", "sampleSignalR.csproj", "{946EDEC6-1027-4F24-9D3B-DCAA66E30977}"
EndProject
Global
	GlobalSection(SolutionConfigurationPlatforms) = preSolution
		Debug|Any CPU = Debug|Any CPU
		Release|Any CPU = Release|Any CPU
	EndGlobalSection
	GlobalSection(ProjectConfigurationPlatforms) = postSolution
		{946EDEC6-1027-4F24-9D3B-DCAA66E30977}.Debug|Any CPU.ActiveCfg = Debug|Any CPU
		{946EDEC6-1027-4F24-9D3B-DCAA66E30977}.Debug|Any CPU.Build.0 = Debug|Any CPU
		{946EDEC6-1027-4F24-9D3B-DCAA66E30977}.Release|Any CPU.ActiveCfg = Release|Any CPU
		{946EDEC6-1027-4F24-9D3B-DCAA66E30977}.Release|Any CPU.Build.0 = Release|Any CPU
	EndGlobalSection
	GlobalSection(SolutionProperties) = preSolution
		HideSolutionNode = FALSE
	EndGlobalSection
	GlobalSection(ExtensibilityGlobals) = postSolution
		SolutionGuid = {13CC1FB8-0F57-45F7-94ED-02C045FD2581}
	EndGlobalSection
EndGlobal
